{
  "originHash" : "86a16b66a9dd3f88f00c392760d750f22ad097e0add6428284a30185f8678e35",
  "pins" : [
    {
      "identity" : "partialsheet",
      "kind" : "remoteSourceControl",
      "location" : "https://github.com/AndreaMiotto/PartialSheet",
      "state" : {
        "revision" : "6c61890976181274ea7baf6a4c297418346db799",
        "version" : "3.1.1"
      }
    }
  ],
  "version" : 3
}
